// !$*UTF8*$!
{
	archiveVersion = 1;
	classes = {
	};
	objectVersion = 50;
	objects = {

/* Begin PBXBuildFile section */
		013F94752685EEBA00B6CE05 /* VaccineOTPVerificationViewController.swift in Sources */ = {isa = PBXBuildFile; fileRef = 013F94742685EEBA00B6CE05 /* VaccineOTPVerificationViewController.swift */; };
		013F94782685EEDE00B6CE05 /* VaccineCertifiateDownloadViewController.swift in Sources */ = {isa = PBXBuildFile; fileRef = 013F94772685EEDE00B6CE05 /* VaccineCertifiateDownloadViewController.swift */; };
		013F947B2685EEFD00B6CE05 /* VaccineOTPVerificationPresenter.swift in Sources */ = {isa = PBXBuildFile; fileRef = 013F947A2685EEFD00B6CE05 /* VaccineOTPVerificationPresenter.swift */; };
		013F947E2685EF1800B6CE05 /* VaccineCertificateDownloadPresenter.swift in Sources */ = {isa = PBXBuildFile; fileRef = 013F947D2685EF1800B6CE05 /* VaccineCertificateDownloadPresenter.swift */; };
		016BA6E4268318E40010613D /* AppDelegate.swift in Sources */ = {isa = PBXBuildFile; fileRef = 016BA6E3268318E40010613D /* AppDelegate.swift */; };
		016BA6E6268318E40010613D /* SceneDelegate.swift in Sources */ = {isa = PBXBuildFile; fileRef = 016BA6E5268318E40010613D /* SceneDelegate.swift */; };
		016BA6E8268318E40010613D /* HomeViewController.swift in Sources */ = {isa = PBXBuildFile; fileRef = 016BA6E7268318E40010613D /* HomeViewController.swift */; };
		016BA6EB268318E40010613D /* Main.storyboard in Resources */ = {isa = PBXBuildFile; fileRef = 016BA6E9268318E40010613D /* Main.storyboard */; };
		016BA6ED268318EA0010613D /* Assets.xcassets in Resources */ = {isa = PBXBuildFile; fileRef = 016BA6EC268318EA0010613D /* Assets.xcassets */; };
		016BA6F0268318EA0010613D /* LaunchScreen.storyboard in Resources */ = {isa = PBXBuildFile; fileRef = 016BA6EE268318EA0010613D /* LaunchScreen.storyboard */; };
		016BA6FB26836DD30010613D /* VaccineSlotBookViewController.swift in Sources */ = {isa = PBXBuildFile; fileRef = 016BA6FA26836DD20010613D /* VaccineSlotBookViewController.swift */; };
		016BA6FE26836DF30010613D /* VaccineSlotBookPresenter.swift in Sources */ = {isa = PBXBuildFile; fileRef = 016BA6FD26836DF30010613D /* VaccineSlotBookPresenter.swift */; };
		016BA70226836E3A0010613D /* VaccineOTPGenerateViewController.swift in Sources */ = {isa = PBXBuildFile; fileRef = 016BA70126836E3A0010613D /* VaccineOTPGenerateViewController.swift */; };
		016BA70526836E4B0010613D /* VaccineOTPGeneratePresenter.swift in Sources */ = {isa = PBXBuildFile; fileRef = 016BA70426836E4B0010613D /* VaccineOTPGeneratePresenter.swift */; };
		016BA70A26838AB00010613D /* NetworkManager.swift in Sources */ = {isa = PBXBuildFile; fileRef = 016BA70926838AAF0010613D /* NetworkManager.swift */; };
		016BA70D26838AE40010613D /* Constants.swift in Sources */ = {isa = PBXBuildFile; fileRef = 016BA70C26838AE30010613D /* Constants.swift */; };
		016BA71326839A490010613D /* States.swift in Sources */ = {isa = PBXBuildFile; fileRef = 016BA71226839A490010613D /* States.swift */; };
		016BA71726839A940010613D /* Districts.swift in Sources */ = {isa = PBXBuildFile; fileRef = 016BA71626839A940010613D /* Districts.swift */; };
		016BA71F268445E30010613D /* VaccinationCenterDetailsViewController.swift in Sources */ = {isa = PBXBuildFile; fileRef = 016BA71E268445E20010613D /* VaccinationCenterDetailsViewController.swift */; };
		016BA72826844FA30010613D /* VaccinationCenterDetailsPresenter.swift in Sources */ = {isa = PBXBuildFile; fileRef = 016BA72726844FA30010613D /* VaccinationCenterDetailsPresenter.swift */; };
		016BA72F2684520A0010613D /* VaccinationCenters.swift in Sources */ = {isa = PBXBuildFile; fileRef = 016BA72E2684520A0010613D /* VaccinationCenters.swift */; };
		016BA734268459DD0010613D /* VaccinationCenterDetails.swift in Sources */ = {isa = PBXBuildFile; fileRef = 016BA732268459DD0010613D /* VaccinationCenterDetails.swift */; };
		016BA735268459DD0010613D /* VaccinationCenterDetails.xib in Resources */ = {isa = PBXBuildFile; fileRef = 016BA733268459DD0010613D /* VaccinationCenterDetails.xib */; };
/* End PBXBuildFile section */

/* Begin PBXFileReference section */
		013F94742685EEBA00B6CE05 /* VaccineOTPVerificationViewController.swift */ = {isa = PBXFileReference; lastKnownFileType = sourcecode.swift; path = VaccineOTPVerificationViewController.swift; sourceTree = "<group>"; };
		013F94772685EEDE00B6CE05 /* VaccineCertifiateDownloadViewController.swift */ = {isa = PBXFileReference; lastKnownFileType = sourcecode.swift; path = VaccineCertifiateDownloadViewController.swift; sourceTree = "<group>"; };
		013F947A2685EEFD00B6CE05 /* VaccineOTPVerificationPresenter.swift */ = {isa = PBXFileReference; lastKnownFileType = sourcecode.swift; path = VaccineOTPVerificationPresenter.swift; sourceTree = "<group>"; };
		013F947D2685EF1800B6CE05 /* VaccineCertificateDownloadPresenter.swift */ = {isa = PBXFileReference; lastKnownFileType = sourcecode.swift; path = VaccineCertificateDownloadPresenter.swift; sourceTree = "<group>"; };
		016BA6E0268318E40010613D /* Vax Vision.app */ = {isa = PBXFileReference; explicitFileType = wrapper.application; includeInIndex = 0; path = "Vax Vision.app"; sourceTree = BUILT_PRODUCTS_DIR; };
		016BA6E3268318E40010613D /* AppDelegate.swift */ = {isa = PBXFileReference; lastKnownFileType = sourcecode.swift; path = AppDelegate.swift; sourceTree = "<group>"; };
		016BA6E5268318E40010613D /* SceneDelegate.swift */ = {isa = PBXFileReference; lastKnownFileType = sourcecode.swift; path = SceneDelegate.swift; sourceTree = "<group>"; };
		016BA6E7268318E40010613D /* HomeViewController.swift */ = {isa = PBXFileReference; lastKnownFileType = sourcecode.swift; path = HomeViewController.swift; sourceTree = "<group>"; };
		016BA6EA268318E40010613D /* Base */ = {isa = PBXFileReference; lastKnownFileType = file.storyboard; name = Base; path = Base.lproj/Main.storyboard; sourceTree = "<group>"; };
		016BA6EC268318EA0010613D /* Assets.xcassets */ = {isa = PBXFileReference; lastKnownFileType = folder.assetcatalog; path = Assets.xcassets; sourceTree = "<group>"; };
		016BA6EF268318EA0010613D /* Base */ = {isa = PBXFileReference; lastKnownFileType = file.storyboard; name = Base; path = Base.lproj/LaunchScreen.storyboard; sourceTree = "<group>"; };
		016BA6F1268318EA0010613D /* Info.plist */ = {isa = PBXFileReference; lastKnownFileType = text.plist.xml; path = Info.plist; sourceTree = "<group>"; };
		016BA6FA26836DD20010613D /* VaccineSlotBookViewController.swift */ = {isa = PBXFileReference; lastKnownFileType = sourcecode.swift; path = VaccineSlotBookViewController.swift; sourceTree = "<group>"; };
		016BA6FD26836DF30010613D /* VaccineSlotBookPresenter.swift */ = {isa = PBXFileReference; lastKnownFileType = sourcecode.swift; path = VaccineSlotBookPresenter.swift; sourceTree = "<group>"; };
		016BA70126836E3A0010613D /* VaccineOTPGenerateViewController.swift */ = {isa = PBXFileReference; lastKnownFileType = sourcecode.swift; path = VaccineOTPGenerateViewController.swift; sourceTree = "<group>"; };
		016BA70426836E4B0010613D /* VaccineOTPGeneratePresenter.swift */ = {isa = PBXFileReference; lastKnownFileType = sourcecode.swift; path = VaccineOTPGeneratePresenter.swift; sourceTree = "<group>"; };
		016BA70926838AAF0010613D /* NetworkManager.swift */ = {isa = PBXFileReference; lastKnownFileType = sourcecode.swift; path = NetworkManager.swift; sourceTree = "<group>"; };
		016BA70C26838AE30010613D /* Constants.swift */ = {isa = PBXFileReference; lastKnownFileType = sourcecode.swift; path = Constants.swift; sourceTree = "<group>"; };
		016BA71226839A490010613D /* States.swift */ = {isa = PBXFileReference; lastKnownFileType = sourcecode.swift; path = States.swift; sourceTree = "<group>"; };
		016BA71626839A940010613D /* Districts.swift */ = {isa = PBXFileReference; lastKnownFileType = sourcecode.swift; path = Districts.swift; sourceTree = "<group>"; };
		016BA71E268445E20010613D /* VaccinationCenterDetailsViewController.swift */ = {isa = PBXFileReference; lastKnownFileType = sourcecode.swift; path = VaccinationCenterDetailsViewController.swift; sourceTree = "<group>"; };
		016BA72726844FA30010613D /* VaccinationCenterDetailsPresenter.swift */ = {isa = PBXFileReference; lastKnownFileType = sourcecode.swift; path = VaccinationCenterDetailsPresenter.swift; sourceTree = "<group>"; };
		016BA72E2684520A0010613D /* VaccinationCenters.swift */ = {isa = PBXFileReference; lastKnownFileType = sourcecode.swift; path = VaccinationCenters.swift; sourceTree = "<group>"; };
		016BA732268459DD0010613D /* VaccinationCenterDetails.swift */ = {isa = PBXFileReference; lastKnownFileType = sourcecode.swift; path = VaccinationCenterDetails.swift; sourceTree = "<group>"; };
		016BA733268459DD0010613D /* VaccinationCenterDetails.xib */ = {isa = PBXFileReference; lastKnownFileType = file.xib; path = VaccinationCenterDetails.xib; sourceTree = "<group>"; };
/* End PBXFileReference section */

/* Begin PBXFrameworksBuildPhase section */
		016BA6DD268318E40010613D /* Frameworks */ = {
			isa = PBXFrameworksBuildPhase;
			buildActionMask = 2147483647;
			files = (
			);
			runOnlyForDeploymentPostprocessing = 0;
		};
/* End PBXFrameworksBuildPhase section */

/* Begin PBXGroup section */
		013F946F2685EC9100B6CE05 /* Vaccine OTP Generate */ = {
			isa = PBXGroup;
			children = (
				013F94872685EFB900B6CE05 /* View */,
				013F94802685EF5D00B6CE05 /* Presenter */,
			);
			path = "Vaccine OTP Generate";
			sourceTree = "<group>";
		};
		013F94712685EDFB00B6CE05 /* Vaccine OTP Verification */ = {
			isa = PBXGroup;
			children = (
				013F94852685EFA900B6CE05 /* View */,
				013F94812685EF6A00B6CE05 /* Presenter */,
			);
			path = "Vaccine OTP Verification";
			sourceTree = "<group>";
		};
		013F94722685EE0C00B6CE05 /* Vaccine Certificate Download */ = {
			isa = PBXGroup;
			children = (
				013F94842685EFA100B6CE05 /* View */,
				013F94832685EF7500B6CE05 /* Presenter */,
			);
			path = "Vaccine Certificate Download";
			sourceTree = "<group>";
		};
		013F94802685EF5D00B6CE05 /* Presenter */ = {
			isa = PBXGroup;
			children = (
				016BA70426836E4B0010613D /* VaccineOTPGeneratePresenter.swift */,
			);
			path = Presenter;
			sourceTree = "<group>";
		};
		013F94812685EF6A00B6CE05 /* Presenter */ = {
			isa = PBXGroup;
			children = (
				013F947A2685EEFD00B6CE05 /* VaccineOTPVerificationPresenter.swift */,
			);
			path = Presenter;
			sourceTree = "<group>";
		};
		013F94832685EF7500B6CE05 /* Presenter */ = {
			isa = PBXGroup;
			children = (
				013F947D2685EF1800B6CE05 /* VaccineCertificateDownloadPresenter.swift */,
			);
			path = Presenter;
			sourceTree = "<group>";
		};
		013F94842685EFA100B6CE05 /* View */ = {
			isa = PBXGroup;
			children = (
				013F94772685EEDE00B6CE05 /* VaccineCertifiateDownloadViewController.swift */,
			);
			path = View;
			sourceTree = "<group>";
		};
		013F94852685EFA900B6CE05 /* View */ = {
			isa = PBXGroup;
			children = (
				013F94742685EEBA00B6CE05 /* VaccineOTPVerificationViewController.swift */,
			);
			path = View;
			sourceTree = "<group>";
		};
		013F94872685EFB900B6CE05 /* View */ = {
			isa = PBXGroup;
			children = (
				016BA70126836E3A0010613D /* VaccineOTPGenerateViewController.swift */,
			);
			path = View;
			sourceTree = "<group>";
		};
		016BA6D7268318E40010613D = {
			isa = PBXGroup;
			children = (
				016BA6E2268318E40010613D /* Vax Vision */,
				016BA6E1268318E40010613D /* Products */,
			);
			sourceTree = "<group>";
		};
		016BA6E1268318E40010613D /* Products */ = {
			isa = PBXGroup;
			children = (
				016BA6E0268318E40010613D /* Vax Vision.app */,
			);
			name = Products;
			sourceTree = "<group>";
		};
		016BA6E2268318E40010613D /* Vax Vision */ = {
			isa = PBXGroup;
			children = (
				016BA6E3268318E40010613D /* AppDelegate.swift */,
				016BA6E5268318E40010613D /* SceneDelegate.swift */,
				016BA70F26838AED0010613D /* Constants */,
				016BA70826838A910010613D /* Networking */,
				013F946F2685EC9100B6CE05 /* Vaccine OTP Generate */,
				013F94712685EDFB00B6CE05 /* Vaccine OTP Verification */,
				013F94722685EE0C00B6CE05 /* Vaccine Certificate Download */,
				016BA6F926836DA30010613D /* Vaccine Slot Book */,
				016BA71D2684459C0010613D /* Vaccination Center Details */,
				016BA72326844A3A0010613D /* StoryBoards */,
				016BA6EC268318EA0010613D /* Assets.xcassets */,
				016BA6EE268318EA0010613D /* LaunchScreen.storyboard */,
				016BA6F1268318EA0010613D /* Info.plist */,
			);
			path = "Vax Vision";
			sourceTree = "<group>";
		};
		016BA6F926836DA30010613D /* Vaccine Slot Book */ = {
			isa = PBXGroup;
			children = (
				016BA71126839A3C0010613D /* Models */,
				016BA71B26839AC50010613D /* Views */,
				016BA71926839AB20010613D /* Presenter */,
			);
			path = "Vaccine Slot Book";
			sourceTree = "<group>";
		};
		016BA70826838A910010613D /* Networking */ = {
			isa = PBXGroup;
			children = (
				016BA70926838AAF0010613D /* NetworkManager.swift */,
			);
			path = Networking;
			sourceTree = "<group>";
		};
		016BA70F26838AED0010613D /* Constants */ = {
			isa = PBXGroup;
			children = (
				016BA70C26838AE30010613D /* Constants.swift */,
			);
			path = Constants;
			sourceTree = "<group>";
		};
		016BA71126839A3C0010613D /* Models */ = {
			isa = PBXGroup;
			children = (
				016BA71226839A490010613D /* States.swift */,
				016BA71626839A940010613D /* Districts.swift */,
			);
			path = Models;
			sourceTree = "<group>";
		};
		016BA71926839AB20010613D /* Presenter */ = {
			isa = PBXGroup;
			children = (
				016BA6FD26836DF30010613D /* VaccineSlotBookPresenter.swift */,
			);
			path = Presenter;
			sourceTree = "<group>";
		};
		016BA71B26839AC50010613D /* Views */ = {
			isa = PBXGroup;
			children = (
				016BA6FA26836DD20010613D /* VaccineSlotBookViewController.swift */,
			);
			path = Views;
			sourceTree = "<group>";
		};
		016BA71D2684459C0010613D /* Vaccination Center Details */ = {
			isa = PBXGroup;
			children = (
				016BA72D268451CE0010613D /* Models */,
				016BA72A268450120010613D /* Views */,
				016BA72626844F820010613D /* Presenter */,
			);
			path = "Vaccination Center Details";
			sourceTree = "<group>";
		};
		016BA72326844A3A0010613D /* StoryBoards */ = {
			isa = PBXGroup;
			children = (
				016BA72426844A600010613D /* Main */,
			);
			path = StoryBoards;
			sourceTree = "<group>";
		};
		016BA72426844A600010613D /* Main */ = {
			isa = PBXGroup;
			children = (
				016BA6E7268318E40010613D /* HomeViewController.swift */,
				016BA6E9268318E40010613D /* Main.storyboard */,
			);
			path = Main;
			sourceTree = "<group>";
		};
		016BA72626844F820010613D /* Presenter */ = {
			isa = PBXGroup;
			children = (
				016BA72726844FA30010613D /* VaccinationCenterDetailsPresenter.swift */,
			);
			path = Presenter;
			sourceTree = "<group>";
		};
		016BA72A268450120010613D /* Views */ = {
			isa = PBXGroup;
			children = (
				016BA71E268445E20010613D /* VaccinationCenterDetailsViewController.swift */,
				016BA7312684596C0010613D /* VaccinationCenterDetails */,
			);
			path = Views;
			sourceTree = "<group>";
		};
		016BA72D268451CE0010613D /* Models */ = {
			isa = PBXGroup;
			children = (
				016BA72E2684520A0010613D /* VaccinationCenters.swift */,
			);
			path = Models;
			sourceTree = "<group>";
		};
		016BA7312684596C0010613D /* VaccinationCenterDetails */ = {
			isa = PBXGroup;
			children = (
				016BA732268459DD0010613D /* VaccinationCenterDetails.swift */,
				016BA733268459DD0010613D /* VaccinationCenterDetails.xib */,
			);
			path = VaccinationCenterDetails;
			sourceTree = "<group>";
		};
/* End PBXGroup section */

/* Begin PBXNativeTarget section */
		016BA6DF268318E40010613D /* Vax Vision */ = {
			isa = PBXNativeTarget;
			buildConfigurationList = 016BA6F4268318EA0010613D /* Build configuration list for PBXNativeTarget "Vax Vision" */;
			buildPhases = (
				016BA6DC268318E40010613D /* Sources */,
				016BA6DD268318E40010613D /* Frameworks */,
				016BA6DE268318E40010613D /* Resources */,
			);
			buildRules = (
			);
			dependencies = (
			);
			name = "Vax Vision";
			productName = "Vax Vision";
			productReference = 016BA6E0268318E40010613D /* Vax Vision.app */;
			productType = "com.apple.product-type.application";
		};
/* End PBXNativeTarget section */

/* Begin PBXProject section */
		016BA6D8268318E40010613D /* Project object */ = {
			isa = PBXProject;
			attributes = {
				LastSwiftUpdateCheck = 1230;
				LastUpgradeCheck = 1230;
				TargetAttributes = {
					016BA6DF268318E40010613D = {
						CreatedOnToolsVersion = 12.3;
					};
				};
			};
			buildConfigurationList = 016BA6DB268318E40010613D /* Build configuration list for PBXProject "Vax Vision" */;
			compatibilityVersion = "Xcode 9.3";
			developmentRegion = en;
			hasScannedForEncodings = 0;
			knownRegions = (
				en,
				Base,
			);
			mainGroup = 016BA6D7268318E40010613D;
			productRefGroup = 016BA6E1268318E40010613D /* Products */;
			projectDirPath = "";
			projectRoot = "";
			targets = (
				016BA6DF268318E40010613D /* Vax Vision */,
			);
		};
/* End PBXProject section */

/* Begin PBXResourcesBuildPhase section */
		016BA6DE268318E40010613D /* Resources */ = {
			isa = PBXResourcesBuildPhase;
			buildActionMask = 2147483647;
			files = (
				016BA6F0268318EA0010613D /* LaunchScreen.storyboard in Resources */,
				016BA6ED268318EA0010613D /* Assets.xcassets in Resources */,
				016BA6EB268318E40010613D /* Main.storyboard in Resources */,
				016BA735268459DD0010613D /* VaccinationCenterDetails.xib in Resources */,
			);
			runOnlyForDeploymentPostprocessing = 0;
		};
/* End PBXResourcesBuildPhase section */

/* Begin PBXSourcesBuildPhase section */
		016BA6DC268318E40010613D /* Sources */ = {
			isa = PBXSourcesBuildPhase;
			buildActionMask = 2147483647;
			files = (
				016BA71F268445E30010613D /* VaccinationCenterDetailsViewController.swift in Sources */,
				016BA70D26838AE40010613D /* Constants.swift in Sources */,
				016BA70526836E4B0010613D /* VaccineOTPGeneratePresenter.swift in Sources */,
				013F94752685EEBA00B6CE05 /* VaccineOTPVerificationViewController.swift in Sources */,
				013F94782685EEDE00B6CE05 /* VaccineCertifiateDownloadViewController.swift in Sources */,
				016BA6E8268318E40010613D /* HomeViewController.swift in Sources */,
				013F947E2685EF1800B6CE05 /* VaccineCertificateDownloadPresenter.swift in Sources */,
				016BA71726839A940010613D /* Districts.swift in Sources */,
				016BA6E4268318E40010613D /* AppDelegate.swift in Sources */,
				016BA72F2684520A0010613D /* VaccinationCenters.swift in Sources */,
				016BA734268459DD0010613D /* VaccinationCenterDetails.swift in Sources */,
				016BA6FE26836DF30010613D /* VaccineSlotBookPresenter.swift in Sources */,
				016BA71326839A490010613D /* States.swift in Sources */,
				016BA70A26838AB00010613D /* NetworkManager.swift in Sources */,
				016BA6E6268318E40010613D /* SceneDelegate.swift in Sources */,
				016BA72826844FA30010613D /* VaccinationCenterDetailsPresenter.swift in Sources */,
				013F947B2685EEFD00B6CE05 /* VaccineOTPVerificationPresenter.swift in Sources */,
				016BA6FB26836DD30010613D /* VaccineSlotBookViewController.swift in Sources */,
				016BA70226836E3A0010613D /* VaccineOTPGenerateViewController.swift in Sources */,
			);
			runOnlyForDeploymentPostprocessing = 0;
		};
/* End PBXSourcesBuildPhase section */

/* Begin PBXVariantGroup section */
		016BA6E9268318E40010613D /* Main.storyboard */ = {
			isa = PBXVariantGroup;
			children = (
				016BA6EA268318E40010613D /* Base */,
			);
			name = Main.storyboard;
			sourceTree = "<group>";
		};
		016BA6EE268318EA0010613D /* LaunchScreen.storyboard */ = {
			isa = PBXVariantGroup;
			children = (
				016BA6EF268318EA0010613D /* Base */,
			);
			name = LaunchScreen.storyboard;
			sourceTree = "<group>";
		};
/* End PBXVariantGroup section */

/* Begin XCBuildConfiguration section */
		016BA6F2268318EA0010613D /* Debug */ = {
			isa = XCBuildConfiguration;
			buildSettings = {
				ALWAYS_SEARCH_USER_PATHS = NO;
				CLANG_ANALYZER_NONNULL = YES;
				CLANG_ANALYZER_NUMBER_OBJECT_CONVERSION = YES_AGGRESSIVE;
				CLANG_CXX_LANGUAGE_STANDARD = "gnu++14";
				CLANG_CXX_LIBRARY = "libc++";
				CLANG_ENABLE_MODULES = YES;
				CLANG_ENABLE_OBJC_ARC = YES;
				CLANG_ENABLE_OBJC_WEAK = YES;
				CLANG_WARN_BLOCK_CAPTURE_AUTORELEASING = YES;
				CLANG_WARN_BOOL_CONVERSION = YES;
				CLANG_WARN_COMMA = YES;
				CLANG_WARN_CONSTANT_CONVERSION = YES;
				CLANG_WARN_DEPRECATED_OBJC_IMPLEMENTATIONS = YES;
				CLANG_WARN_DIRECT_OBJC_ISA_USAGE = YES_ERROR;
				CLANG_WARN_DOCUMENTATION_COMMENTS = YES;
				CLANG_WARN_EMPTY_BODY = YES;
				CLANG_WARN_ENUM_CONVERSION = YES;
				CLANG_WARN_INFINITE_RECURSION = YES;
				CLANG_WARN_INT_CONVERSION = YES;
				CLANG_WARN_NON_LITERAL_NULL_CONVERSION = YES;
				CLANG_WARN_OBJC_IMPLICIT_RETAIN_SELF = YES;
				CLANG_WARN_OBJC_LITERAL_CONVERSION = YES;
				CLANG_WARN_OBJC_ROOT_CLASS = YES_ERROR;
				CLANG_WARN_QUOTED_INCLUDE_IN_FRAMEWORK_HEADER = YES;
				CLANG_WARN_RANGE_LOOP_ANALYSIS = YES;
				CLANG_WARN_STRICT_PROTOTYPES = YES;
				CLANG_WARN_SUSPICIOUS_MOVE = YES;
				CLANG_WARN_UNGUARDED_AVAILABILITY = YES_AGGRESSIVE;
				CLANG_WARN_UNREACHABLE_CODE = YES;
				CLANG_WARN__DUPLICATE_METHOD_MATCH = YES;
				COPY_PHASE_STRIP = NO;
				DEBUG_INFORMATION_FORMAT = dwarf;
				ENABLE_STRICT_OBJC_MSGSEND = YES;
				ENABLE_TESTABILITY = YES;
				GCC_C_LANGUAGE_STANDARD = gnu11;
				GCC_DYNAMIC_NO_PIC = NO;
				GCC_NO_COMMON_BLOCKS = YES;
				GCC_OPTIMIZATION_LEVEL = 0;
				GCC_PREPROCESSOR_DEFINITIONS = (
					"DEBUG=1",
					"$(inherited)",
				);
				GCC_WARN_64_TO_32_BIT_CONVERSION = YES;
				GCC_WARN_ABOUT_RETURN_TYPE = YES_ERROR;
				GCC_WARN_UNDECLARED_SELECTOR = YES;
				GCC_WARN_UNINITIALIZED_AUTOS = YES_AGGRESSIVE;
				GCC_WARN_UNUSED_FUNCTION = YES;
				GCC_WARN_UNUSED_VARIABLE = YES;
				IPHONEOS_DEPLOYMENT_TARGET = 14.3;
				MTL_ENABLE_DEBUG_INFO = INCLUDE_SOURCE;
				MTL_FAST_MATH = YES;
				ONLY_ACTIVE_ARCH = YES;
				SDKROOT = iphoneos;
				SWIFT_ACTIVE_COMPILATION_CONDITIONS = DEBUG;
				SWIFT_OPTIMIZATION_LEVEL = "-Onone";
			};
			name = Debug;
		};
		016BA6F3268318EA0010613D /* Release */ = {
			isa = XCBuildConfiguration;
			buildSettings = {
				ALWAYS_SEARCH_USER_PATHS = NO;
				CLANG_ANALYZER_NONNULL = YES;
				CLANG_ANALYZER_NUMBER_OBJECT_CONVERSION = YES_AGGRESSIVE;
				CLANG_CXX_LANGUAGE_STANDARD = "gnu++14";
				CLANG_CXX_LIBRARY = "libc++";
				CLANG_ENABLE_MODULES = YES;
				CLANG_ENABLE_OBJC_ARC = YES;
				CLANG_ENABLE_OBJC_WEAK = YES;
				CLANG_WARN_BLOCK_CAPTURE_AUTORELEASING = YES;
				CLANG_WARN_BOOL_CONVERSION = YES;
				CLANG_WARN_COMMA = YES;
				CLANG_WARN_CONSTANT_CONVERSION = YES;
				CLANG_WARN_DEPRECATED_OBJC_IMPLEMENTATIONS = YES;
				CLANG_WARN_DIRECT_OBJC_ISA_USAGE = YES_ERROR;
				CLANG_WARN_DOCUMENTATION_COMMENTS = YES;
				CLANG_WARN_EMPTY_BODY = YES;
				CLANG_WARN_ENUM_CONVERSION = YES;
				CLANG_WARN_INFINITE_RECURSION = YES;
				CLANG_WARN_INT_CONVERSION = YES;
				CLANG_WARN_NON_LITERAL_NULL_CONVERSION = YES;
				CLANG_WARN_OBJC_IMPLICIT_RETAIN_SELF = YES;
				CLANG_WARN_OBJC_LITERAL_CONVERSION = YES;
				CLANG_WARN_OBJC_ROOT_CLASS = YES_ERROR;
				CLANG_WARN_QUOTED_INCLUDE_IN_FRAMEWORK_HEADER = YES;
				CLANG_WARN_RANGE_LOOP_ANALYSIS = YES;
				CLANG_WARN_STRICT_PROTOTYPES = YES;
				CLANG_WARN_SUSPICIOUS_MOVE = YES;
				CLANG_WARN_UNGUARDED_AVAILABILITY = YES_AGGRESSIVE;
				CLANG_WARN_UNREACHABLE_CODE = YES;
				CLANG_WARN__DUPLICATE_METHOD_MATCH = YES;
				COPY_PHASE_STRIP = NO;
				DEBUG_INFORMATION_FORMAT = "dwarf-with-dsym";
				ENABLE_NS_ASSERTIONS = NO;
				ENABLE_STRICT_OBJC_MSGSEND = YES;
				GCC_C_LANGUAGE_STANDARD = gnu11;
				GCC_NO_COMMON_BLOCKS = YES;
				GCC_WARN_64_TO_32_BIT_CONVERSION = YES;
				GCC_WARN_ABOUT_RETURN_TYPE = YES_ERROR;
				GCC_WARN_UNDECLARED_SELECTOR = YES;
				GCC_WARN_UNINITIALIZED_AUTOS = YES_AGGRESSIVE;
				GCC_WARN_UNUSED_FUNCTION = YES;
				GCC_WARN_UNUSED_VARIABLE = YES;
				IPHONEOS_DEPLOYMENT_TARGET = 14.3;
				MTL_ENABLE_DEBUG_INFO = NO;
				MTL_FAST_MATH = YES;
				SDKROOT = iphoneos;
				SWIFT_COMPILATION_MODE = wholemodule;
				SWIFT_OPTIMIZATION_LEVEL = "-O";
				VALIDATE_PRODUCT = YES;
			};
			name = Release;
		};
		016BA6F5268318EA0010613D /* Debug */ = {
			isa = XCBuildConfiguration;
			buildSettings = {
				ASSETCATALOG_COMPILER_APPICON_NAME = AppIcon;
				ASSETCATALOG_COMPILER_GLOBAL_ACCENT_COLOR_NAME = AccentColor;
				CODE_SIGN_STYLE = Automatic;
				INFOPLIST_FILE = "Vax Vision/Info.plist";
				LD_RUNPATH_SEARCH_PATHS = (
					"$(inherited)",
					"@executable_path/Frameworks",
				);
				PRODUCT_BUNDLE_IDENTIFIER = "com.dhanajitkapali.Vax-Vision";
				PRODUCT_NAME = "$(TARGET_NAME)";
				SWIFT_VERSION = 5.0;
				TARGETED_DEVICE_FAMILY = "1,2";
			};
			name = Debug;
		};
		016BA6F6268318EA0010613D /* Release */ = {
			isa = XCBuildConfiguration;
			buildSettings = {
				ASSETCATALOG_COMPILER_APPICON_NAME = AppIcon;
				ASSETCATALOG_COMPILER_GLOBAL_ACCENT_COLOR_NAME = AccentColor;
				CODE_SIGN_STYLE = Automatic;
				INFOPLIST_FILE = "Vax Vision/Info.plist";
				LD_RUNPATH_SEARCH_PATHS = (
					"$(inherited)",
					"@executable_path/Frameworks",
				);
				PRODUCT_BUNDLE_IDENTIFIER = "com.dhanajitkapali.Vax-Vision";
				PRODUCT_NAME = "$(TARGET_NAME)";
				SWIFT_VERSION = 5.0;
				TARGETED_DEVICE_FAMILY = "1,2";
			};
			name = Release;
		};
/* End XCBuildConfiguration section */

/* Begin XCConfigurationList section */
		016BA6DB268318E40010613D /* Build configuration list for PBXProject "Vax Vision" */ = {
			isa = XCConfigurationList;
			buildConfigurations = (
				016BA6F2268318EA0010613D /* Debug */,
				016BA6F3268318EA0010613D /* Release */,
			);
			defaultConfigurationIsVisible = 0;
			defaultConfigurationName = Release;
		};
		016BA6F4268318EA0010613D /* Build configuration list for PBXNativeTarget "Vax Vision" */ = {
			isa = XCConfigurationList;
			buildConfigurations = (
				016BA6F5268318EA0010613D /* Debug */,
				016BA6F6268318EA0010613D /* Release */,
			);
			defaultConfigurationIsVisible = 0;
			defaultConfigurationName = Release;
		};
/* End XCConfigurationList section */
	};
	rootObject = 016BA6D8268318E40010613D /* Project object */;
}
